
Microsoft Visual Studio Solution File, Format Version 12.00
Project("{FAE04EC0-301F-11D3-BF4B-00C04F79EFBC}") = "DeZon.Users", "DeZon.Users\DeZon.Users.csproj", "{AD55002A-A5A9-4174-938D-B7DA100D7084}"
EndProject
Global
	GlobalSection(SolutionConfigurationPlatforms) = preSolution
		Debug|Any CPU = Debug|Any CPU
		Release|Any CPU = Release|Any CPU
	EndGlobalSection
	GlobalSection(ProjectConfigurationPlatforms) = postSolution
		{AD55002A-A5A9-4174-938D-B7DA100D7084}.Debug|Any CPU.ActiveCfg = Debug|Any CPU
		{AD55002A-A5A9-4174-938D-B7DA100D7084}.Debug|Any CPU.Build.0 = Debug|Any CPU
		{AD55002A-A5A9-4174-938D-B7DA100D7084}.Release|Any CPU.ActiveCfg = Release|Any CPU
		{AD55002A-A5A9-4174-938D-B7DA100D7084}.Release|Any CPU.Build.0 = Release|Any CPU
	EndGlobalSection
EndGlobal
